// !$*UTF8*$!
{
	archiveVersion = 1;
	classes = {
	};
	objectVersion = 48;
	objects = {

/* Begin PBXBuildFile section */
		9F0163F51FA4D62300E0ACF8 /* simd_quatf+AxisAngle.swift in Sources */ = {isa = PBXBuildFile; fileRef = 9F0163F41FA4D62300E0ACF8 /* simd_quatf+AxisAngle.swift */; };
		9F1C43AD1F9D00C900382370 /* Media.scnassets in Resources */ = {isa = PBXBuildFile; fileRef = 9F1C43AC1F9D00B700382370 /* Media.scnassets */; };
		9F5DB0571F9FCA42002C9A7D /* Numbers+DegreesToRadians.swift in Sources */ = {isa = PBXBuildFile; fileRef = 9F5DB0561F9FCA42002C9A7D /* Numbers+DegreesToRadians.swift */; };
		9F5DB0581F9FCA62002C9A7D /* SCNVector+Operators.swift in Sources */ = {isa = PBXBuildFile; fileRef = 9F5DB0551F9FCA1C002C9A7D /* SCNVector+Operators.swift */; };
		9F5DB05A1F9FCA95002C9A7D /* CGFloat+Random.swift in Sources */ = {isa = PBXBuildFile; fileRef = 9F5DB0591F9FCA95002C9A7D /* CGFloat+Random.swift */; };
		9F5E5C771F9CE72600AA6615 /* AppDelegate.swift in Sources */ = {isa = PBXBuildFile; fileRef = 9F5E5C761F9CE72600AA6615 /* AppDelegate.swift */; };
		9F5E5C7C1F9CE72600AA6615 /* Scene.storyboard in Resources */ = {isa = PBXBuildFile; fileRef = 9F5E5C7A1F9CE72600AA6615 /* Scene.storyboard */; };
		9F5E5C7E1F9CE72600AA6615 /* Assets.xcassets in Resources */ = {isa = PBXBuildFile; fileRef = 9F5E5C7D1F9CE72600AA6615 /* Assets.xcassets */; };
		9F5E5C811F9CE72600AA6615 /* LaunchScreen.storyboard in Resources */ = {isa = PBXBuildFile; fileRef = 9F5E5C7F1F9CE72600AA6615 /* LaunchScreen.storyboard */; };
		9F5E5C8C1F9CE72600AA6615 /* ObjectsTests.swift in Sources */ = {isa = PBXBuildFile; fileRef = 9F5E5C8B1F9CE72600AA6615 /* ObjectsTests.swift */; };
		9F7863E41F9FB7F400C73E1E /* AppInjectionService.swift in Sources */ = {isa = PBXBuildFile; fileRef = 9F7863DB1F9FB52E00C73E1E /* AppInjectionService.swift */; };
		9F7863E51F9FB7F800C73E1E /* VRViewController.swift in Sources */ = {isa = PBXBuildFile; fileRef = 9F7863DD1F9FB54700C73E1E /* VRViewController.swift */; };
		9F7863E81F9FBEAD00C73E1E /* World.swift in Sources */ = {isa = PBXBuildFile; fileRef = 9F7863E71F9FBEAD00C73E1E /* World.swift */; };
		9F8064921FA78F0D0077314A /* ArenaNode.swift in Sources */ = {isa = PBXBuildFile; fileRef = 9F8064911FA78F0D0077314A /* ArenaNode.swift */; };
		9F8064951FA7A1C00077314A /* WeakReference.swift in Sources */ = {isa = PBXBuildFile; fileRef = 9F8064941FA7A1C00077314A /* WeakReference.swift */; };
		9F8064971FA7A2570077314A /* ArenaFieldNode.swift in Sources */ = {isa = PBXBuildFile; fileRef = 9F8064961FA7A2570077314A /* ArenaFieldNode.swift */; };
		9FBB5C231FA7B6CB00467134 /* GazeTimer.swift in Sources */ = {isa = PBXBuildFile; fileRef = 9FBB5C221FA7B6CB00467134 /* GazeTimer.swift */; };
		9FEA5C481FA10926004E3E51 /* MotionService.swift in Sources */ = {isa = PBXBuildFile; fileRef = 9FEA5C471FA10926004E3E51 /* MotionService.swift */; };
		9FEA5C4C1FA23506004E3E51 /* EnvironmentBuilder.swift in Sources */ = {isa = PBXBuildFile; fileRef = 9FEA5C4B1FA23506004E3E51 /* EnvironmentBuilder.swift */; };
		9FEA5C4E1FA23526004E3E51 /* EnvironmentLightingBuilder.swift in Sources */ = {isa = PBXBuildFile; fileRef = 9FEA5C4D1FA23526004E3E51 /* EnvironmentLightingBuilder.swift */; };
		9FEA5C511FA23562004E3E51 /* VRCameraNode.swift in Sources */ = {isa = PBXBuildFile; fileRef = 9FEA5C501FA23562004E3E51 /* VRCameraNode.swift */; };
		9FEA5C541FA23743004E3E51 /* PlayerNode.swift in Sources */ = {isa = PBXBuildFile; fileRef = 9FEA5C531FA23743004E3E51 /* PlayerNode.swift */; };
/* End PBXBuildFile section */

/* Begin PBXContainerItemProxy section */
		9F5E5C881F9CE72600AA6615 /* PBXContainerItemProxy */ = {
			isa = PBXContainerItemProxy;
			containerPortal = 9F5E5C6B1F9CE72600AA6615 /* Project object */;
			proxyType = 1;
			remoteGlobalIDString = 9F5E5C721F9CE72600AA6615;
			remoteInfo = Objects;
		};
/* End PBXContainerItemProxy section */

/* Begin PBXFileReference section */
		9F0163F41FA4D62300E0ACF8 /* simd_quatf+AxisAngle.swift */ = {isa = PBXFileReference; lastKnownFileType = sourcecode.swift; path = "simd_quatf+AxisAngle.swift"; sourceTree = "<group>"; };
		9F1C43AC1F9D00B700382370 /* Media.scnassets */ = {isa = PBXFileReference; lastKnownFileType = wrapper.scnassets; path = Media.scnassets; sourceTree = "<group>"; };
		9F5DB0551F9FCA1C002C9A7D /* SCNVector+Operators.swift */ = {isa = PBXFileReference; lastKnownFileType = sourcecode.swift; path = "SCNVector+Operators.swift"; sourceTree = "<group>"; };
		9F5DB0561F9FCA42002C9A7D /* Numbers+DegreesToRadians.swift */ = {isa = PBXFileReference; lastKnownFileType = sourcecode.swift; path = "Numbers+DegreesToRadians.swift"; sourceTree = "<group>"; };
		9F5DB0591F9FCA95002C9A7D /* CGFloat+Random.swift */ = {isa = PBXFileReference; lastKnownFileType = sourcecode.swift; path = "CGFloat+Random.swift"; sourceTree = "<group>"; };
		9F5E5C731F9CE72600AA6615 /* 6dof-vr.app */ = {isa = PBXFileReference; explicitFileType = wrapper.application; includeInIndex = 0; path = "6dof-vr.app"; sourceTree = BUILT_PRODUCTS_DIR; };
		9F5E5C761F9CE72600AA6615 /* AppDelegate.swift */ = {isa = PBXFileReference; lastKnownFileType = sourcecode.swift; path = AppDelegate.swift; sourceTree = "<group>"; };
		9F5E5C7B1F9CE72600AA6615 /* Base */ = {isa = PBXFileReference; lastKnownFileType = file.storyboard; name = Base; path = Base.lproj/Scene.storyboard; sourceTree = "<group>"; };
		9F5E5C7D1F9CE72600AA6615 /* Assets.xcassets */ = {isa = PBXFileReference; lastKnownFileType = folder.assetcatalog; path = Assets.xcassets; sourceTree = "<group>"; };
		9F5E5C801F9CE72600AA6615 /* Base */ = {isa = PBXFileReference; lastKnownFileType = file.storyboard; name = Base; path = Base.lproj/LaunchScreen.storyboard; sourceTree = "<group>"; };
		9F5E5C821F9CE72600AA6615 /* Info.plist */ = {isa = PBXFileReference; lastKnownFileType = text.plist.xml; path = Info.plist; sourceTree = "<group>"; };
		9F5E5C871F9CE72600AA6615 /* 6dof-vrTests.xctest */ = {isa = PBXFileReference; explicitFileType = wrapper.cfbundle; includeInIndex = 0; path = "6dof-vrTests.xctest"; sourceTree = BUILT_PRODUCTS_DIR; };
		9F5E5C8B1F9CE72600AA6615 /* ObjectsTests.swift */ = {isa = PBXFileReference; lastKnownFileType = sourcecode.swift; path = ObjectsTests.swift; sourceTree = "<group>"; };
		9F5E5C8D1F9CE72600AA6615 /* Info.plist */ = {isa = PBXFileReference; lastKnownFileType = text.plist.xml; path = Info.plist; sourceTree = "<group>"; };
		9F7863DB1F9FB52E00C73E1E /* AppInjectionService.swift */ = {isa = PBXFileReference; lastKnownFileType = sourcecode.swift; path = AppInjectionService.swift; sourceTree = "<group>"; };
		9F7863DD1F9FB54700C73E1E /* VRViewController.swift */ = {isa = PBXFileReference; lastKnownFileType = sourcecode.swift; path = VRViewController.swift; sourceTree = "<group>"; };
		9F7863E71F9FBEAD00C73E1E /* World.swift */ = {isa = PBXFileReference; lastKnownFileType = sourcecode.swift; path = World.swift; sourceTree = "<group>"; };
		9F8064911FA78F0D0077314A /* ArenaNode.swift */ = {isa = PBXFileReference; lastKnownFileType = sourcecode.swift; path = ArenaNode.swift; sourceTree = "<group>"; };
		9F8064941FA7A1C00077314A /* WeakReference.swift */ = {isa = PBXFileReference; lastKnownFileType = sourcecode.swift; path = WeakReference.swift; sourceTree = "<group>"; };
		9F8064961FA7A2570077314A /* ArenaFieldNode.swift */ = {isa = PBXFileReference; lastKnownFileType = sourcecode.swift; path = ArenaFieldNode.swift; sourceTree = "<group>"; };
		9FBB5C221FA7B6CB00467134 /* GazeTimer.swift */ = {isa = PBXFileReference; lastKnownFileType = sourcecode.swift; path = GazeTimer.swift; sourceTree = "<group>"; };
		9FEA5C471FA10926004E3E51 /* MotionService.swift */ = {isa = PBXFileReference; lastKnownFileType = sourcecode.swift; path = MotionService.swift; sourceTree = "<group>"; };
		9FEA5C4B1FA23506004E3E51 /* EnvironmentBuilder.swift */ = {isa = PBXFileReference; lastKnownFileType = sourcecode.swift; path = EnvironmentBuilder.swift; sourceTree = "<group>"; };
		9FEA5C4D1FA23526004E3E51 /* EnvironmentLightingBuilder.swift */ = {isa = PBXFileReference; lastKnownFileType = sourcecode.swift; path = EnvironmentLightingBuilder.swift; sourceTree = "<group>"; };
		9FEA5C501FA23562004E3E51 /* VRCameraNode.swift */ = {isa = PBXFileReference; lastKnownFileType = sourcecode.swift; path = VRCameraNode.swift; sourceTree = "<group>"; };
		9FEA5C531FA23743004E3E51 /* PlayerNode.swift */ = {isa = PBXFileReference; lastKnownFileType = sourcecode.swift; path = PlayerNode.swift; sourceTree = "<group>"; };
/* End PBXFileReference section */

/* Begin PBXFrameworksBuildPhase section */
		9F5E5C701F9CE72600AA6615 /* Frameworks */ = {
			isa = PBXFrameworksBuildPhase;
			buildActionMask = 2147483647;
			files = (
			);
			runOnlyForDeploymentPostprocessing = 0;
		};
		9F5E5C841F9CE72600AA6615 /* Frameworks */ = {
			isa = PBXFrameworksBuildPhase;
			buildActionMask = 2147483647;
			files = (
			);
			runOnlyForDeploymentPostprocessing = 0;
		};
/* End PBXFrameworksBuildPhase section */

/* Begin PBXGroup section */
		9F5DB0501F9FC9E6002C9A7D /* Auxiliary */ = {
			isa = PBXGroup;
			children = (
				9F8064931FA7A1AC0077314A /* Objects */,
				9F5DB0541F9FCA1C002C9A7D /* Extensions */,
			);
			path = Auxiliary;
			sourceTree = "<group>";
		};
		9F5DB0541F9FCA1C002C9A7D /* Extensions */ = {
			isa = PBXGroup;
			children = (
				9F5DB0551F9FCA1C002C9A7D /* SCNVector+Operators.swift */,
				9F5DB0561F9FCA42002C9A7D /* Numbers+DegreesToRadians.swift */,
				9F5DB0591F9FCA95002C9A7D /* CGFloat+Random.swift */,
				9F0163F41FA4D62300E0ACF8 /* simd_quatf+AxisAngle.swift */,
			);
			path = Extensions;
			sourceTree = "<group>";
		};
		9F5E5C6A1F9CE72600AA6615 = {
			isa = PBXGroup;
			children = (
				9F5E5C751F9CE72600AA6615 /* 6dof-vr */,
				9F5E5C8A1F9CE72600AA6615 /* ObjectsTests */,
				9F5E5C741F9CE72600AA6615 /* Products */,
			);
			sourceTree = "<group>";
		};
		9F5E5C741F9CE72600AA6615 /* Products */ = {
			isa = PBXGroup;
			children = (
				9F5E5C731F9CE72600AA6615 /* 6dof-vr.app */,
				9F5E5C871F9CE72600AA6615 /* 6dof-vrTests.xctest */,
			);
			name = Products;
			sourceTree = "<group>";
		};
		9F5E5C751F9CE72600AA6615 /* 6dof-vr */ = {
			isa = PBXGroup;
			children = (
				9F7863D91F9FB52E00C73E1E /* Modules */,
				9F5DB0501F9FC9E6002C9A7D /* Auxiliary */,
				9F5E5C761F9CE72600AA6615 /* AppDelegate.swift */,
				9F5E5C7A1F9CE72600AA6615 /* Scene.storyboard */,
				9F5E5C7D1F9CE72600AA6615 /* Assets.xcassets */,
				9F5E5C7F1F9CE72600AA6615 /* LaunchScreen.storyboard */,
				9F5E5C821F9CE72600AA6615 /* Info.plist */,
				9F1C43AC1F9D00B700382370 /* Media.scnassets */,
			);
			path = "6dof-vr";
			sourceTree = "<group>";
		};
		9F5E5C8A1F9CE72600AA6615 /* ObjectsTests */ = {
			isa = PBXGroup;
			children = (
				9F5E5C8B1F9CE72600AA6615 /* ObjectsTests.swift */,
				9F5E5C8D1F9CE72600AA6615 /* Info.plist */,
			);
			path = ObjectsTests;
			sourceTree = "<group>";
		};
		9F7863D91F9FB52E00C73E1E /* Modules */ = {
			isa = PBXGroup;
			children = (
				9F7863DA1F9FB52E00C73E1E /* Injection */,
				9F7863E61F9FBEA500C73E1E /* Scene */,
				9F7863DE1F9FB56300C73E1E /* Motion */,
				9F7863DC1F9FB54700C73E1E /* VR */,
			);
			path = Modules;
			sourceTree = "<group>";
		};
		9F7863DA1F9FB52E00C73E1E /* Injection */ = {
			isa = PBXGroup;
			children = (
				9F7863DB1F9FB52E00C73E1E /* AppInjectionService.swift */,
			);
			path = Injection;
			sourceTree = "<group>";
		};
		9F7863DC1F9FB54700C73E1E /* VR */ = {
			isa = PBXGroup;
			children = (
				9F7863DD1F9FB54700C73E1E /* VRViewController.swift */,
			);
			path = VR;
			sourceTree = "<group>";
		};
		9F7863DE1F9FB56300C73E1E /* Motion */ = {
			isa = PBXGroup;
			children = (
				9FEA5C471FA10926004E3E51 /* MotionService.swift */,
			);
			path = Motion;
			sourceTree = "<group>";
		};
		9F7863E61F9FBEA500C73E1E /* Scene */ = {
			isa = PBXGroup;
			children = (
				9FBB5C211FA7B6B900467134 /* Gaze */,
				9F8064901FA78F010077314A /* Arena */,
				9FEA5C521FA23730004E3E51 /* Player */,
				9FEA5C4F1FA23550004E3E51 /* Camera */,
				9FEA5C4A1FA234FC004E3E51 /* Environment */,
				9F7863E71F9FBEAD00C73E1E /* World.swift */,
			);
			path = Scene;
			sourceTree = "<group>";
		};
		9F8064901FA78F010077314A /* Arena */ = {
			isa = PBXGroup;
			children = (
				9F8064961FA7A2570077314A /* ArenaFieldNode.swift */,
				9F8064911FA78F0D0077314A /* ArenaNode.swift */,
			);
			path = Arena;
			sourceTree = "<group>";
		};
		9F8064931FA7A1AC0077314A /* Objects */ = {
			isa = PBXGroup;
			children = (
				9F8064941FA7A1C00077314A /* WeakReference.swift */,
			);
			path = Objects;
			sourceTree = "<group>";
		};
		9FBB5C211FA7B6B900467134 /* Gaze */ = {
			isa = PBXGroup;
			children = (
				9FBB5C221FA7B6CB00467134 /* GazeTimer.swift */,
			);
			path = Gaze;
			sourceTree = "<group>";
		};
		9FEA5C4A1FA234FC004E3E51 /* Environment */ = {
			isa = PBXGroup;
			children = (
				9FEA5C4B1FA23506004E3E51 /* EnvironmentBuilder.swift */,
				9FEA5C4D1FA23526004E3E51 /* EnvironmentLightingBuilder.swift */,
			);
			path = Environment;
			sourceTree = "<group>";
		};
		9FEA5C4F1FA23550004E3E51 /* Camera */ = {
			isa = PBXGroup;
			children = (
				9FEA5C501FA23562004E3E51 /* VRCameraNode.swift */,
			);
			path = Camera;
			sourceTree = "<group>";
		};
		9FEA5C521FA23730004E3E51 /* Player */ = {
			isa = PBXGroup;
			children = (
				9FEA5C531FA23743004E3E51 /* PlayerNode.swift */,
			);
			path = Player;
			sourceTree = "<group>";
		};
/* End PBXGroup section */

/* Begin PBXNativeTarget section */
		9F5E5C721F9CE72600AA6615 /* 6dof-vr */ = {
			isa = PBXNativeTarget;
			buildConfigurationList = 9F5E5C901F9CE72600AA6615 /* Build configuration list for PBXNativeTarget "6dof-vr" */;
			buildPhases = (
				9F5E5C6F1F9CE72600AA6615 /* Sources */,
				9F5E5C701F9CE72600AA6615 /* Frameworks */,
				9F5E5C711F9CE72600AA6615 /* Resources */,
			);
			buildRules = (
			);
			dependencies = (
			);
			name = "6dof-vr";
			productName = Objects;
			productReference = 9F5E5C731F9CE72600AA6615 /* 6dof-vr.app */;
			productType = "com.apple.product-type.application";
		};
		9F5E5C861F9CE72600AA6615 /* 6dof-vrTests */ = {
			isa = PBXNativeTarget;
			buildConfigurationList = 9F5E5C931F9CE72600AA6615 /* Build configuration list for PBXNativeTarget "6dof-vrTests" */;
			buildPhases = (
				9F5E5C831F9CE72600AA6615 /* Sources */,
				9F5E5C841F9CE72600AA6615 /* Frameworks */,
				9F5E5C851F9CE72600AA6615 /* Resources */,
			);
			buildRules = (
			);
			dependencies = (
				9F5E5C891F9CE72600AA6615 /* PBXTargetDependency */,
			);
			name = "6dof-vrTests";
			productName = ObjectsTests;
			productReference = 9F5E5C871F9CE72600AA6615 /* 6dof-vrTests.xctest */;
			productType = "com.apple.product-type.bundle.unit-test";
		};
/* End PBXNativeTarget section */

/* Begin PBXProject section */
		9F5E5C6B1F9CE72600AA6615 /* Project object */ = {
			isa = PBXProject;
			attributes = {
				LastSwiftUpdateCheck = 0900;
				LastUpgradeCheck = 0900;
				ORGANIZATIONNAME = "Bartłomiej Nowak";
				TargetAttributes = {
					9F5E5C721F9CE72600AA6615 = {
						CreatedOnToolsVersion = 9.0;
						ProvisioningStyle = Automatic;
					};
					9F5E5C861F9CE72600AA6615 = {
						CreatedOnToolsVersion = 9.0;
						ProvisioningStyle = Automatic;
						TestTargetID = 9F5E5C721F9CE72600AA6615;
					};
				};
			};
			buildConfigurationList = 9F5E5C6E1F9CE72600AA6615 /* Build configuration list for PBXProject "6dof-vr" */;
			compatibilityVersion = "Xcode 8.0";
			developmentRegion = en;
			hasScannedForEncodings = 0;
			knownRegions = (
				en,
				Base,
			);
			mainGroup = 9F5E5C6A1F9CE72600AA6615;
			productRefGroup = 9F5E5C741F9CE72600AA6615 /* Products */;
			projectDirPath = "";
			projectRoot = "";
			targets = (
				9F5E5C721F9CE72600AA6615 /* 6dof-vr */,
				9F5E5C861F9CE72600AA6615 /* 6dof-vrTests */,
			);
		};
/* End PBXProject section */

/* Begin PBXResourcesBuildPhase section */
		9F5E5C711F9CE72600AA6615 /* Resources */ = {
			isa = PBXResourcesBuildPhase;
			buildActionMask = 2147483647;
			files = (
				9F5E5C811F9CE72600AA6615 /* LaunchScreen.storyboard in Resources */,
				9F5E5C7E1F9CE72600AA6615 /* Assets.xcassets in Resources */,
				9F1C43AD1F9D00C900382370 /* Media.scnassets in Resources */,
				9F5E5C7C1F9CE72600AA6615 /* Scene.storyboard in Resources */,
			);
			runOnlyForDeploymentPostprocessing = 0;
		};
		9F5E5C851F9CE72600AA6615 /* Resources */ = {
			isa = PBXResourcesBuildPhase;
			buildActionMask = 2147483647;
			files = (
			);
			runOnlyForDeploymentPostprocessing = 0;
		};
/* End PBXResourcesBuildPhase section */

/* Begin PBXSourcesBuildPhase section */
		9F5E5C6F1F9CE72600AA6615 /* Sources */ = {
			isa = PBXSourcesBuildPhase;
			buildActionMask = 2147483647;
			files = (
				9F8064971FA7A2570077314A /* ArenaFieldNode.swift in Sources */,
				9FBB5C231FA7B6CB00467134 /* GazeTimer.swift in Sources */,
				9F0163F51FA4D62300E0ACF8 /* simd_quatf+AxisAngle.swift in Sources */,
				9FEA5C541FA23743004E3E51 /* PlayerNode.swift in Sources */,
				9F7863E81F9FBEAD00C73E1E /* World.swift in Sources */,
				9F8064921FA78F0D0077314A /* ArenaNode.swift in Sources */,
				9F5E5C771F9CE72600AA6615 /* AppDelegate.swift in Sources */,
				9FEA5C511FA23562004E3E51 /* VRCameraNode.swift in Sources */,
				9F7863E41F9FB7F400C73E1E /* AppInjectionService.swift in Sources */,
				9F5DB05A1F9FCA95002C9A7D /* CGFloat+Random.swift in Sources */,
				9FEA5C4E1FA23526004E3E51 /* EnvironmentLightingBuilder.swift in Sources */,
				9F5DB0571F9FCA42002C9A7D /* Numbers+DegreesToRadians.swift in Sources */,
				9FEA5C4C1FA23506004E3E51 /* EnvironmentBuilder.swift in Sources */,
				9F8064951FA7A1C00077314A /* WeakReference.swift in Sources */,
				9FEA5C481FA10926004E3E51 /* MotionService.swift in Sources */,
				9F5DB0581F9FCA62002C9A7D /* SCNVector+Operators.swift in Sources */,
				9F7863E51F9FB7F800C73E1E /* VRViewController.swift in Sources */,
			);
			runOnlyForDeploymentPostprocessing = 0;
		};
		9F5E5C831F9CE72600AA6615 /* Sources */ = {
			isa = PBXSourcesBuildPhase;
			buildActionMask = 2147483647;
			files = (
				9F5E5C8C1F9CE72600AA6615 /* ObjectsTests.swift in Sources */,
			);
			runOnlyForDeploymentPostprocessing = 0;
		};
/* End PBXSourcesBuildPhase section */

/* Begin PBXTargetDependency section */
		9F5E5C891F9CE72600AA6615 /* PBXTargetDependency */ = {
			isa = PBXTargetDependency;
			target = 9F5E5C721F9CE72600AA6615 /* 6dof-vr */;
			targetProxy = 9F5E5C881F9CE72600AA6615 /* PBXContainerItemProxy */;
		};
/* End PBXTargetDependency section */

/* Begin PBXVariantGroup section */
		9F5E5C7A1F9CE72600AA6615 /* Scene.storyboard */ = {
			isa = PBXVariantGroup;
			children = (
				9F5E5C7B1F9CE72600AA6615 /* Base */,
			);
			name = Scene.storyboard;
			sourceTree = "<group>";
		};
		9F5E5C7F1F9CE72600AA6615 /* LaunchScreen.storyboard */ = {
			isa = PBXVariantGroup;
			children = (
				9F5E5C801F9CE72600AA6615 /* Base */,
			);
			name = LaunchScreen.storyboard;
			sourceTree = "<group>";
		};
/* End PBXVariantGroup section */

/* Begin XCBuildConfiguration section */
		9F5E5C8E1F9CE72600AA6615 /* Debug */ = {
			isa = XCBuildConfiguration;
			buildSettings = {
				ALWAYS_SEARCH_USER_PATHS = NO;
				CLANG_ANALYZER_NONNULL = YES;
				CLANG_ANALYZER_NUMBER_OBJECT_CONVERSION = YES_AGGRESSIVE;
				CLANG_CXX_LANGUAGE_STANDARD = "gnu++14";
				CLANG_CXX_LIBRARY = "libc++";
				CLANG_ENABLE_MODULES = YES;
				CLANG_ENABLE_OBJC_ARC = YES;
				CLANG_WARN_BLOCK_CAPTURE_AUTORELEASING = YES;
				CLANG_WARN_BOOL_CONVERSION = YES;
				CLANG_WARN_COMMA = YES;
				CLANG_WARN_CONSTANT_CONVERSION = YES;
				CLANG_WARN_DIRECT_OBJC_ISA_USAGE = YES_ERROR;
				CLANG_WARN_DOCUMENTATION_COMMENTS = YES;
				CLANG_WARN_EMPTY_BODY = YES;
				CLANG_WARN_ENUM_CONVERSION = YES;
				CLANG_WARN_INFINITE_RECURSION = YES;
				CLANG_WARN_INT_CONVERSION = YES;
				CLANG_WARN_NON_LITERAL_NULL_CONVERSION = YES;
				CLANG_WARN_OBJC_LITERAL_CONVERSION = YES;
				CLANG_WARN_OBJC_ROOT_CLASS = YES_ERROR;
				CLANG_WARN_RANGE_LOOP_ANALYSIS = YES;
				CLANG_WARN_STRICT_PROTOTYPES = YES;
				CLANG_WARN_SUSPICIOUS_MOVE = YES;
				CLANG_WARN_UNGUARDED_AVAILABILITY = YES_AGGRESSIVE;
				CLANG_WARN_UNREACHABLE_CODE = YES;
				CLANG_WARN__DUPLICATE_METHOD_MATCH = YES;
				CODE_SIGN_IDENTITY = "iPhone Developer";
				COPY_PHASE_STRIP = NO;
				DEBUG_INFORMATION_FORMAT = dwarf;
				ENABLE_STRICT_OBJC_MSGSEND = YES;
				ENABLE_TESTABILITY = YES;
				GCC_C_LANGUAGE_STANDARD = gnu11;
				GCC_DYNAMIC_NO_PIC = NO;
				GCC_NO_COMMON_BLOCKS = YES;
				GCC_OPTIMIZATION_LEVEL = 0;
				GCC_PREPROCESSOR_DEFINITIONS = (
					"DEBUG=1",
					"$(inherited)",
				);
				GCC_WARN_64_TO_32_BIT_CONVERSION = YES;
				GCC_WARN_ABOUT_RETURN_TYPE = YES_ERROR;
				GCC_WARN_UNDECLARED_SELECTOR = YES;
				GCC_WARN_UNINITIALIZED_AUTOS = YES_AGGRESSIVE;
				GCC_WARN_UNUSED_FUNCTION = YES;
				GCC_WARN_UNUSED_VARIABLE = YES;
				IPHONEOS_DEPLOYMENT_TARGET = 11.0;
				MTL_ENABLE_DEBUG_INFO = YES;
				ONLY_ACTIVE_ARCH = YES;
				SDKROOT = iphoneos;
				SWIFT_ACTIVE_COMPILATION_CONDITIONS = DEBUG;
				SWIFT_OPTIMIZATION_LEVEL = "-Onone";
			};
			name = Debug;
		};
		9F5E5C8F1F9CE72600AA6615 /* Release */ = {
			isa = XCBuildConfiguration;
			buildSettings = {
				ALWAYS_SEARCH_USER_PATHS = NO;
				CLANG_ANALYZER_NONNULL = YES;
				CLANG_ANALYZER_NUMBER_OBJECT_CONVERSION = YES_AGGRESSIVE;
				CLANG_CXX_LANGUAGE_STANDARD = "gnu++14";
				CLANG_CXX_LIBRARY = "libc++";
				CLANG_ENABLE_MODULES = YES;
				CLANG_ENABLE_OBJC_ARC = YES;
				CLANG_WARN_BLOCK_CAPTURE_AUTORELEASING = YES;
				CLANG_WARN_BOOL_CONVERSION = YES;
				CLANG_WARN_COMMA = YES;
				CLANG_WARN_CONSTANT_CONVERSION = YES;
				CLANG_WARN_DIRECT_OBJC_ISA_USAGE = YES_ERROR;
				CLANG_WARN_DOCUMENTATION_COMMENTS = YES;
				CLANG_WARN_EMPTY_BODY = YES;
				CLANG_WARN_ENUM_CONVERSION = YES;
				CLANG_WARN_INFINITE_RECURSION = YES;
				CLANG_WARN_INT_CONVERSION = YES;
				CLANG_WARN_NON_LITERAL_NULL_CONVERSION = YES;
				CLANG_WARN_OBJC_LITERAL_CONVERSION = YES;
				CLANG_WARN_OBJC_ROOT_CLASS = YES_ERROR;
				CLANG_WARN_RANGE_LOOP_ANALYSIS = YES;
				CLANG_WARN_STRICT_PROTOTYPES = YES;
				CLANG_WARN_SUSPICIOUS_MOVE = YES;
				CLANG_WARN_UNGUARDED_AVAILABILITY = YES_AGGRESSIVE;
				CLANG_WARN_UNREACHABLE_CODE = YES;
				CLANG_WARN__DUPLICATE_METHOD_MATCH = YES;
				CODE_SIGN_IDENTITY = "iPhone Developer";
				COPY_PHASE_STRIP = NO;
				DEBUG_INFORMATION_FORMAT = "dwarf-with-dsym";
				ENABLE_NS_ASSERTIONS = NO;
				ENABLE_STRICT_OBJC_MSGSEND = YES;
				GCC_C_LANGUAGE_STANDARD = gnu11;
				GCC_NO_COMMON_BLOCKS = YES;
				GCC_WARN_64_TO_32_BIT_CONVERSION = YES;
				GCC_WARN_ABOUT_RETURN_TYPE = YES_ERROR;
				GCC_WARN_UNDECLARED_SELECTOR = YES;
				GCC_WARN_UNINITIALIZED_AUTOS = YES_AGGRESSIVE;
				GCC_WARN_UNUSED_FUNCTION = YES;
				GCC_WARN_UNUSED_VARIABLE = YES;
				IPHONEOS_DEPLOYMENT_TARGET = 11.0;
				MTL_ENABLE_DEBUG_INFO = NO;
				SDKROOT = iphoneos;
				SWIFT_OPTIMIZATION_LEVEL = "-Owholemodule";
				VALIDATE_PRODUCT = YES;
			};
			name = Release;
		};
		9F5E5C911F9CE72600AA6615 /* Debug */ = {
			isa = XCBuildConfiguration;
			buildSettings = {
				ASSETCATALOG_COMPILER_APPICON_NAME = AppIcon;
				CODE_SIGN_STYLE = Automatic;
				DEVELOPMENT_TEAM = B6NDM93MJT;
				INFOPLIST_FILE = "6dof-vr/Info.plist";
				IPHONEOS_DEPLOYMENT_TARGET = 11.0;
				LD_RUNPATH_SEARCH_PATHS = "$(inherited) @executable_path/Frameworks";
				PRODUCT_BUNDLE_IDENTIFIER = "bartlomiej-nowak.6dof-vr";
				PRODUCT_NAME = "$(TARGET_NAME)";
				SWIFT_VERSION = 4.0;
				TARGETED_DEVICE_FAMILY = "1,2";
			};
			name = Debug;
		};
		9F5E5C921F9CE72600AA6615 /* Release */ = {
			isa = XCBuildConfiguration;
			buildSettings = {
				ASSETCATALOG_COMPILER_APPICON_NAME = AppIcon;
				CODE_SIGN_STYLE = Automatic;
				DEVELOPMENT_TEAM = B6NDM93MJT;
				INFOPLIST_FILE = "6dof-vr/Info.plist";
				IPHONEOS_DEPLOYMENT_TARGET = 11.0;
				LD_RUNPATH_SEARCH_PATHS = "$(inherited) @executable_path/Frameworks";
				PRODUCT_BUNDLE_IDENTIFIER = "bartlomiej-nowak.6dof-vr";
				PRODUCT_NAME = "$(TARGET_NAME)";
				SWIFT_VERSION = 4.0;
				TARGETED_DEVICE_FAMILY = "1,2";
			};
			name = Release;
		};
		9F5E5C941F9CE72600AA6615 /* Debug */ = {
			isa = XCBuildConfiguration;
			buildSettings = {
				ALWAYS_EMBED_SWIFT_STANDARD_LIBRARIES = YES;
				BUNDLE_LOADER = "$(TEST_HOST)";
				CODE_SIGN_STYLE = Automatic;
				DEVELOPMENT_TEAM = B6NDM93MJT;
				INFOPLIST_FILE = ObjectsTests/Info.plist;
				LD_RUNPATH_SEARCH_PATHS = "$(inherited) @executable_path/Frameworks @loader_path/Frameworks";
				PRODUCT_BUNDLE_IDENTIFIER = "bartlomiej-nowak.ObjectsTests";
				PRODUCT_NAME = "$(TARGET_NAME)";
				SWIFT_VERSION = 4.0;
				TARGETED_DEVICE_FAMILY = "1,2";
				TEST_HOST = "$(BUILT_PRODUCTS_DIR)/6dof-vr.app/6dof-vr";
			};
			name = Debug;
		};
		9F5E5C951F9CE72600AA6615 /* Release */ = {
			isa = XCBuildConfiguration;
			buildSettings = {
				ALWAYS_EMBED_SWIFT_STANDARD_LIBRARIES = YES;
				BUNDLE_LOADER = "$(TEST_HOST)";
				CODE_SIGN_STYLE = Automatic;
				DEVELOPMENT_TEAM = B6NDM93MJT;
				INFOPLIST_FILE = ObjectsTests/Info.plist;
				LD_RUNPATH_SEARCH_PATHS = "$(inherited) @executable_path/Frameworks @loader_path/Frameworks";
				PRODUCT_BUNDLE_IDENTIFIER = "bartlomiej-nowak.ObjectsTests";
				PRODUCT_NAME = "$(TARGET_NAME)";
				SWIFT_VERSION = 4.0;
				TARGETED_DEVICE_FAMILY = "1,2";
				TEST_HOST = "$(BUILT_PRODUCTS_DIR)/6dof-vr.app/6dof-vr";
			};
			name = Release;
		};
/* End XCBuildConfiguration section */

/* Begin XCConfigurationList section */
		9F5E5C6E1F9CE72600AA6615 /* Build configuration list for PBXProject "6dof-vr" */ = {
			isa = XCConfigurationList;
			buildConfigurations = (
				9F5E5C8E1F9CE72600AA6615 /* Debug */,
				9F5E5C8F1F9CE72600AA6615 /* Release */,
			);
			defaultConfigurationIsVisible = 0;
			defaultConfigurationName = Release;
		};
		9F5E5C901F9CE72600AA6615 /* Build configuration list for PBXNativeTarget "6dof-vr" */ = {
			isa = XCConfigurationList;
			buildConfigurations = (
				9F5E5C911F9CE72600AA6615 /* Debug */,
				9F5E5C921F9CE72600AA6615 /* Release */,
			);
			defaultConfigurationIsVisible = 0;
			defaultConfigurationName = Release;
		};
		9F5E5C931F9CE72600AA6615 /* Build configuration list for PBXNativeTarget "6dof-vrTests" */ = {
			isa = XCConfigurationList;
			buildConfigurations = (
				9F5E5C941F9CE72600AA6615 /* Debug */,
				9F5E5C951F9CE72600AA6615 /* Release */,
			);
			defaultConfigurationIsVisible = 0;
			defaultConfigurationName = Release;
		};
/* End XCConfigurationList section */
	};
	rootObject = 9F5E5C6B1F9CE72600AA6615 /* Project object */;
}
